
Microsoft Visual Studio Solution File, Format Version 12.00
# Visual Studio Version 17
VisualStudioVersion = 17.1.32407.343
MinimumVisualStudioVersion = 10.0.40219.1
Project("{FAE04EC0-301F-11D3-BF4B-00C04F79EFBC}") = "PuzzleTemplate", "PuzzleTemplate.csproj", "{50EF88EC-6924-4230-B27C-72639ED5FEC6}"
EndProject
Global
	GlobalSection(SolutionConfigurationPlatforms) = preSolution
		Debug|Any CPU = Debug|Any CPU
		Release|Any CPU = Release|Any CPU
	EndGlobalSection
	GlobalSection(ProjectConfigurationPlatforms) = postSolution
		{50EF88EC-6924-4230-B27C-72639ED5FEC6}.Debug|Any CPU.ActiveCfg = Debug|Any CPU
		{50EF88EC-6924-4230-B27C-72639ED5FEC6}.Debug|Any CPU.Build.0 = Debug|Any CPU
		{50EF88EC-6924-4230-B27C-72639ED5FEC6}.Release|Any CPU.ActiveCfg = Release|Any CPU
		{50EF88EC-6924-4230-B27C-72639ED5FEC6}.Release|Any CPU.Build.0 = Release|Any CPU
	EndGlobalSection
	GlobalSection(SolutionProperties) = preSolution
		HideSolutionNode = FALSE
	EndGlobalSection
	GlobalSection(ExtensibilityGlobals) = postSolution
		SolutionGuid = {FEF62CCF-D968-46D2-A450-636E937E3CB6}
	EndGlobalSection
EndGlobal
